[[package]]
category = "main"
description = "Low-level AMQP client for Python (fork of amqplib)."
name = "amqp"
optional = false
python-versions = ">=2.7, !=3.0.*, !=3.1.*, !=3.2.*, !=3.3.*, !=3.4.*"
version = "2.5.2"

[package.dependencies]
vine = ">=1.1.3,<5.0.0a1"

[[package]]
category = "dev"
description = "A small Python module for determining appropriate platform-specific dirs, e.g. a \"user data dir\"."
name = "appdirs"
optional = false
python-versions = "*"
version = "1.4.3"

[[package]]
category = "main"
description = "ASGI specs, helper code, and adapters"
name = "asgiref"
optional = false
python-versions = "*"
version = "3.2.3"

[package.extras]
tests = ["pytest (>=4.3.0,<4.4.0)", "pytest-asyncio (>=0.10.0,<0.11.0)"]

[[package]]
category = "dev"
description = "Atomic file writes."
marker = "sys_platform == \"win32\""
name = "atomicwrites"
optional = false
python-versions = ">=2.7, !=3.0.*, !=3.1.*, !=3.2.*, !=3.3.*"
version = "1.3.0"

[[package]]
category = "dev"
description = "Classes Without Boilerplate"
name = "attrs"
optional = false
python-versions = ">=2.7, !=3.0.*, !=3.1.*, !=3.2.*, !=3.3.*"
version = "19.3.0"

[package.extras]
azure-pipelines = ["coverage", "hypothesis", "pympler", "pytest (>=4.3.0)", "six", "zope.interface", "pytest-azurepipelines"]
dev = ["coverage", "hypothesis", "pympler", "pytest (>=4.3.0)", "six", "zope.interface", "sphinx", "pre-commit"]
docs = ["sphinx", "zope.interface"]
tests = ["coverage", "hypothesis", "pympler", "pytest (>=4.3.0)", "six", "zope.interface"]

[[package]]
category = "main"
description = "Python multiprocessing fork with improvements and bugfixes"
name = "billiard"
optional = false
python-versions = "*"
version = "3.6.1.0"

[[package]]
category = "dev"
description = "The uncompromising code formatter."
name = "black"
optional = false
python-versions = ">=3.6"
version = "19.10b0"

[package.dependencies]
appdirs = "*"
attrs = ">=18.1.0"
click = ">=6.5"
pathspec = ">=0.6,<1"
regex = "*"
toml = ">=0.9.4"
typed-ast = ">=1.4.0"

[package.extras]
d = ["aiohttp (>=3.3.2)", "aiohttp-cors"]

[[package]]
category = "main"
description = "Distributed Task Queue."
name = "celery"
optional = false
python-versions = ">=2.7, !=3.0.*, !=3.1.*, !=3.2.*, !=3.3.*, !=3.4.*,"
version = "4.4.0"

[package.dependencies]
billiard = ">=3.6.1,<4.0"
kombu = ">=4.6.7,<4.7"
pytz = ">0.0-dev"
vine = "1.3.0"

[package.extras]
arangodb = ["pyArango (>=1.3.2)"]
auth = ["cryptography"]
azureblockblob = ["azure-storage (0.36.0)", "azure-common (1.1.5)", "azure-storage-common (1.1.0)"]
brotli = ["brotli (>=1.0.0)", "brotlipy (>=0.7.0)"]
cassandra = ["cassandra-driver"]
consul = ["python-consul"]
cosmosdbsql = ["pydocumentdb (2.3.2)"]
couchbase = ["couchbase", "couchbase-cffi"]
couchdb = ["pycouchdb"]
django = ["Django (>=1.11)"]
dynamodb = ["boto3 (>=1.9.178)"]
elasticsearch = ["elasticsearch"]
eventlet = ["eventlet (>=0.24.1)"]
gevent = ["gevent"]
librabbitmq = ["librabbitmq (>=1.5.0)"]
lzma = ["backports.lzma"]
memcache = ["pylibmc"]
mongodb = ["pymongo (>=3.3.0)"]
msgpack = ["msgpack"]
pymemcache = ["python-memcached"]
pyro = ["pyro4"]
redis = ["redis (>=3.2.0)"]
riak = ["riak (>=2.0)"]
s3 = ["boto3 (>=1.9.125)"]
slmq = ["softlayer-messaging (>=1.0.3)"]
solar = ["ephem"]
sqlalchemy = ["sqlalchemy"]
sqs = ["boto3 (>=1.9.125)", "pycurl"]
tblib = ["tblib (>=1.3.0)", "tblib (>=1.5.0)"]
yaml = ["PyYAML (>=3.10)"]
zookeeper = ["kazoo (>=1.3.1)"]
zstd = ["zstandard"]

[[package]]
category = "main"
description = "Python package for providing Mozilla's CA Bundle."
name = "certifi"
optional = false
python-versions = "*"
version = "2019.11.28"

[[package]]
category = "dev"
description = "Composable command line interface toolkit"
name = "click"
optional = false
python-versions = ">=2.7, !=3.0.*, !=3.1.*, !=3.2.*, !=3.3.*"
version = "7.0"

[[package]]
category = "dev"
description = "Cross-platform colored terminal text."
marker = "sys_platform == \"win32\""
name = "colorama"
optional = false
python-versions = ">=2.7, !=3.0.*, !=3.1.*, !=3.2.*, !=3.3.*, !=3.4.*"
version = "0.4.3"

[[package]]
category = "main"
description = "A high-level Python Web framework that encourages rapid development and clean, pragmatic design."
name = "django"
optional = false
python-versions = ">=3.6"
version = "3.0.2"

[package.dependencies]
asgiref = ">=3.2,<4.0"
pytz = "*"
sqlparse = ">=0.2.2"

[package.extras]
argon2 = ["argon2-cffi (>=16.1.0)"]
bcrypt = ["bcrypt"]

[[package]]
category = "dev"
description = "A configurable set of panels that display various debug information about the current request/response."
name = "django-debug-toolbar"
optional = false
python-versions = ">=3.5"
version = "2.1"

[package.dependencies]
Django = ">=1.11"
sqlparse = ">=0.2.0"

[[package]]
category = "main"
description = "Django-environ allows you to utilize 12factor inspired environment variables to configure your Django application."
name = "django-environ"
optional = false
python-versions = "*"
version = "0.4.5"

[[package]]
category = "main"
description = "Extensions for Django"
name = "django-extensions"
optional = false
python-versions = "*"
version = "2.2.6"

[package.dependencies]
six = ">=1.2"

[[package]]
category = "main"
description = "Support for many storage backends in Django"
name = "django-storages"
optional = false
python-versions = ">=2.7, !=3.0.*, !=3.1.*, !=3.2.*, !=3.3.*"
version = "1.8"

[package.dependencies]
Django = ">=1.11"

[package.extras]
azure = ["azure-storage-blob (>=1.3.1,<12.0.0)"]
boto = ["boto (>=2.32.0)"]
boto3 = ["boto3 (>=1.4.4)"]
dropbox = ["dropbox (>=7.2.1)"]
google = ["google-cloud-storage (>=1.15.0)"]
libcloud = ["apache-libcloud"]
sftp = ["paramiko"]

[[package]]
category = "dev"
description = "Transparently use webpack with django"
name = "django-webpack-loader"
optional = false
python-versions = "*"
version = "0.6.0"

[[package]]
category = "main"
description = "Read metadata from Python packages"
marker = "python_version < \"3.8\""
name = "importlib-metadata"
optional = false
python-versions = "!=3.0.*,!=3.1.*,!=3.2.*,!=3.3.*,!=3.4.*,>=2.7"
version = "1.4.0"

[package.dependencies]
zipp = ">=0.5"

[package.extras]
docs = ["sphinx", "rst.linker"]
testing = ["packaging", "importlib-resources"]

[[package]]
category = "main"
description = "Messaging library for Python."
name = "kombu"
optional = false
python-versions = ">=2.7, !=3.0.*, !=3.1.*, !=3.2.*, !=3.3.*, !=3.4.*"
version = "4.6.7"

[package.dependencies]
amqp = ">=2.5.2,<2.6"

[package.dependencies.importlib-metadata]
python = "<3.8"
version = ">=0.18"

[package.extras]
azureservicebus = ["azure-servicebus (>=0.21.1)"]
azurestoragequeues = ["azure-storage-queue"]
consul = ["python-consul (>=0.6.0)"]
librabbitmq = ["librabbitmq (>=1.5.2)"]
mongodb = ["pymongo (>=3.3.0)"]
msgpack = ["msgpack"]
pyro = ["pyro4"]
qpid = ["qpid-python (>=0.26)", "qpid-tools (>=0.26)"]
redis = ["redis (>=3.3.11)"]
slmq = ["softlayer-messaging (>=1.0.3)"]
sqlalchemy = ["sqlalchemy"]
sqs = ["boto3 (>=1.4.4)", "pycurl (7.43.0.2)"]
yaml = ["PyYAML (>=3.10)"]
zookeeper = ["kazoo (>=1.3.1)"]

[[package]]
category = "main"
description = "More routines for operating on iterables, beyond itertools"
name = "more-itertools"
optional = false
python-versions = ">=3.5"
version = "8.1.0"

[[package]]
category = "dev"
description = "Core utilities for Python packages"
name = "packaging"
optional = false
python-versions = ">=2.7, !=3.0.*, !=3.1.*, !=3.2.*, !=3.3.*"
version = "20.0"

[package.dependencies]
pyparsing = ">=2.0.2"
six = "*"

[[package]]
category = "dev"
description = "Utility library for gitignore style pattern matching of file paths."
name = "pathspec"
optional = false
python-versions = ">=2.7, !=3.0.*, !=3.1.*, !=3.2.*, !=3.3.*, !=3.4.*"
version = "0.7.0"

[[package]]
category = "dev"
description = "plugin and hook calling mechanisms for python"
name = "pluggy"
optional = false
python-versions = ">=2.7, !=3.0.*, !=3.1.*, !=3.2.*, !=3.3.*"
version = "0.13.1"

[package.dependencies]
[package.dependencies.importlib-metadata]
python = "<3.8"
version = ">=0.12"

[package.extras]
dev = ["pre-commit", "tox"]

[[package]]
category = "main"
description = "psycopg2 - Python-PostgreSQL Database Adapter"
name = "psycopg2-binary"
optional = false
python-versions = ">=2.7,!=3.0.*,!=3.1.*,!=3.2.*,!=3.3.*"
version = "2.8.4"

[[package]]
category = "dev"
description = "library with cross-python path, ini-parsing, io, code, log facilities"
name = "py"
optional = false
python-versions = ">=2.7, !=3.0.*, !=3.1.*, !=3.2.*, !=3.3.*"
version = "1.8.1"

[[package]]
category = "dev"
description = "Python parsing module"
name = "pyparsing"
optional = false
python-versions = ">=2.6, !=3.0.*, !=3.1.*, !=3.2.*"
version = "2.4.6"

[[package]]
category = "dev"
description = "pytest: simple powerful testing with Python"
name = "pytest"
optional = false
python-versions = ">=3.5"
version = "5.3.4"

[package.dependencies]
atomicwrites = ">=1.0"
attrs = ">=17.4.0"
colorama = "*"
more-itertools = ">=4.0.0"
packaging = "*"
pluggy = ">=0.12,<1.0"
py = ">=1.5.0"
wcwidth = "*"

[package.dependencies.importlib-metadata]
python = "<3.8"
version = ">=0.12"

[package.extras]
checkqa-mypy = ["mypy (v0.761)"]
testing = ["argcomplete", "hypothesis (>=3.56)", "mock", "nose", "requests", "xmlschema"]

[[package]]
category = "dev"
description = "A Django plugin for pytest."
name = "pytest-django"
optional = false
python-versions = ">=2.7, !=3.0.*, !=3.1.*, !=3.2.*, !=3.3.*"
version = "3.8.0"

[package.dependencies]
pytest = ">=3.6"

[package.extras]
docs = ["sphinx", "sphinx-rtd-theme"]
testing = ["django", "django-configurations (>=2.0)", "six"]

[[package]]
category = "dev"
description = "py.test plugin that allows you to add environment variables."
name = "pytest-env"
optional = false
python-versions = "*"
version = "0.6.2"

[package.dependencies]
pytest = ">=2.6.0"

[[package]]
category = "main"
description = "World timezone definitions, modern and historical"
name = "pytz"
optional = false
python-versions = "*"
version = "2019.3"

[[package]]
category = "dev"
description = "Python client for Redis key-value store"
name = "redis"
optional = false
python-versions = ">=2.7, !=3.0.*, !=3.1.*, !=3.2.*, !=3.3.*"
version = "3.3.11"

[package.extras]
hiredis = ["hiredis (>=0.1.3)"]

[[package]]
category = "dev"
description = "Alternative regular expression module, to replace re."
name = "regex"
optional = false
python-versions = "*"
version = "2020.1.8"

[[package]]
category = "main"
description = "Python client for Sentry (https://getsentry.com)"
name = "sentry-sdk"
optional = false
python-versions = "*"
version = "0.14.1"

[package.dependencies]
certifi = "*"
urllib3 = ">=1.10.0"

[package.extras]
aiohttp = ["aiohttp (>=3.5)"]
beam = ["beam (>=2.12)"]
bottle = ["bottle (>=0.12.13)"]
celery = ["celery (>=3)"]
django = ["django (>=1.8)"]
falcon = ["falcon (>=1.4)"]
flask = ["flask (>=0.11)", "blinker (>=1.1)"]
pyspark = ["pyspark (>=2.4.4)"]
rq = ["0.6"]
sanic = ["sanic (>=0.8)"]
sqlalchemy = ["sqlalchemy (>=1.2)"]
tornado = ["tornado (>=5)"]

[[package]]
category = "main"
description = "Python 2 and 3 compatibility utilities"
name = "six"
optional = false
python-versions = ">=2.7, !=3.0.*, !=3.1.*, !=3.2.*"
version = "1.14.0"

[[package]]
category = "main"
description = "Non-validating SQL parser"
name = "sqlparse"
optional = false
python-versions = ">=2.7, !=3.0.*, !=3.1.*, !=3.2.*, !=3.3.*"
version = "0.3.0"

[[package]]
category = "dev"
description = "Python Library for Tom's Obvious, Minimal Language"
name = "toml"
optional = false
python-versions = "*"
version = "0.10.0"

[[package]]
category = "dev"
description = "a fork of Python 2 and 3 ast modules with type comment support"
name = "typed-ast"
optional = false
python-versions = "*"
version = "1.4.1"

[[package]]
category = "main"
description = "HTTP library with thread-safe connection pooling, file post, and more."
name = "urllib3"
optional = false
python-versions = ">=2.7, !=3.0.*, !=3.1.*, !=3.2.*, !=3.3.*, !=3.4.*, <4"
version = "1.25.8"

[package.extras]
brotli = ["brotlipy (>=0.6.0)"]
secure = ["pyOpenSSL (>=0.14)", "cryptography (>=1.3.4)", "idna (>=2.0.0)", "certifi", "ipaddress"]
socks = ["PySocks (>=1.5.6,<1.5.7 || >1.5.7,<2.0)"]

[[package]]
category = "main"
description = "Promises, promises, promises."
name = "vine"
optional = false
python-versions = ">=2.7, !=3.0.*, !=3.1.*, !=3.2.*, !=3.3.*"
version = "1.3.0"

[[package]]
category = "dev"
description = "Measures number of Terminal column cells of wide-character codes"
name = "wcwidth"
optional = false
python-versions = "*"
version = "0.1.8"

[[package]]
category = "dev"
description = "The comprehensive WSGI web application library."
name = "werkzeug"
optional = false
python-versions = ">=2.7, !=3.0.*, !=3.1.*, !=3.2.*, !=3.3.*"
version = "0.16.0"

[package.extras]
dev = ["pytest", "coverage", "tox", "sphinx", "pallets-sphinx-themes", "sphinx-issues"]
termcolor = ["termcolor"]
watchdog = ["watchdog"]

[[package]]
category = "main"
description = "Backport of pathlib-compatible object wrapper for zip files"
marker = "python_version < \"3.8\""
name = "zipp"
optional = false
python-versions = ">=3.6"
version = "2.0.0"

[package.dependencies]
more-itertools = "*"

[package.extras]
docs = ["sphinx", "jaraco.packaging (>=3.2)", "rst.linker (>=1.9)"]
testing = ["pathlib2", "contextlib2", "unittest2"]

[metadata]
content-hash = "b88696a38b1296cc9e33bc6fb46b238a922f632b90d52e73dd143a3d0c2bb359"
python-versions = "^3.7"

[metadata.files]
amqp = [
    {file = "amqp-2.5.2-py2.py3-none-any.whl", hash = "sha256:6e649ca13a7df3faacdc8bbb280aa9a6602d22fd9d545336077e573a1f4ff3b8"},
    {file = "amqp-2.5.2.tar.gz", hash = "sha256:77f1aef9410698d20eaeac5b73a87817365f457a507d82edf292e12cbb83b08d"},
]
appdirs = [
    {file = "appdirs-1.4.3-py2.py3-none-any.whl", hash = "sha256:d8b24664561d0d34ddfaec54636d502d7cea6e29c3eaf68f3df6180863e2166e"},
    {file = "appdirs-1.4.3.tar.gz", hash = "sha256:9e5896d1372858f8dd3344faf4e5014d21849c756c8d5701f78f8a103b372d92"},
]
asgiref = [
    {file = "asgiref-3.2.3-py2.py3-none-any.whl", hash = "sha256:ea448f92fc35a0ef4b1508f53a04c4670255a3f33d22a81c8fc9c872036adbe5"},
    {file = "asgiref-3.2.3.tar.gz", hash = "sha256:7e06d934a7718bf3975acbf87780ba678957b87c7adc056f13b6215d610695a0"},
]
atomicwrites = [
    {file = "atomicwrites-1.3.0-py2.py3-none-any.whl", hash = "sha256:03472c30eb2c5d1ba9227e4c2ca66ab8287fbfbbda3888aa93dc2e28fc6811b4"},
    {file = "atomicwrites-1.3.0.tar.gz", hash = "sha256:75a9445bac02d8d058d5e1fe689654ba5a6556a1dfd8ce6ec55a0ed79866cfa6"},
]
attrs = [
    {file = "attrs-19.3.0-py2.py3-none-any.whl", hash = "sha256:08a96c641c3a74e44eb59afb61a24f2cb9f4d7188748e76ba4bb5edfa3cb7d1c"},
    {file = "attrs-19.3.0.tar.gz", hash = "sha256:f7b7ce16570fe9965acd6d30101a28f62fb4a7f9e926b3bbc9b61f8b04247e72"},
]
billiard = [
    {file = "billiard-3.6.1.0-py3-none-any.whl", hash = "sha256:01afcb4e7c4fd6480940cfbd4d9edc19d7a7509d6ada533984d0d0f49901ec82"},
    {file = "billiard-3.6.1.0.tar.gz", hash = "sha256:b8809c74f648dfe69b973c8e660bcec00603758c9db8ba89d7719f88d5f01f26"},
]
black = [
    {file = "black-19.10b0-py36-none-any.whl", hash = "sha256:1b30e59be925fafc1ee4565e5e08abef6b03fe455102883820fe5ee2e4734e0b"},
    {file = "black-19.10b0.tar.gz", hash = "sha256:c2edb73a08e9e0e6f65a0e6af18b059b8b1cdd5bef997d7a0b181df93dc81539"},
]
celery = [
    {file = "celery-4.4.0-py2.py3-none-any.whl", hash = "sha256:7c544f37a84a5eadc44cab1aa8c9580dff94636bb81978cdf9bf8012d9ea7d8f"},
    {file = "celery-4.4.0.tar.gz", hash = "sha256:d3363bb5df72d74420986a435449f3c3979285941dff57d5d97ecba352a0e3e2"},
]
certifi = [
    {file = "certifi-2019.11.28-py2.py3-none-any.whl", hash = "sha256:017c25db2a153ce562900032d5bc68e9f191e44e9a0f762f373977de9df1fbb3"},
    {file = "certifi-2019.11.28.tar.gz", hash = "sha256:25b64c7da4cd7479594d035c08c2d809eb4aab3a26e5a990ea98cc450c320f1f"},
]
click = [
    {file = "Click-7.0-py2.py3-none-any.whl", hash = "sha256:2335065e6395b9e67ca716de5f7526736bfa6ceead690adf616d925bdc622b13"},
    {file = "Click-7.0.tar.gz", hash = "sha256:5b94b49521f6456670fdb30cd82a4eca9412788a93fa6dd6df72c94d5a8ff2d7"},
]
colorama = [
    {file = "colorama-0.4.3-py2.py3-none-any.whl", hash = "sha256:7d73d2a99753107a36ac6b455ee49046802e59d9d076ef8e47b61499fa29afff"},
    {file = "colorama-0.4.3.tar.gz", hash = "sha256:e96da0d330793e2cb9485e9ddfd918d456036c7149416295932478192f4436a1"},
]
django = [
    {file = "Django-3.0.2-py3-none-any.whl", hash = "sha256:4f2c913303be4f874015993420bf0bd8fd2097a9c88e6b49c6a92f9bdd3fb13a"},
    {file = "Django-3.0.2.tar.gz", hash = "sha256:8c3575f81e11390893860d97e1e0154c47512f180ea55bd84ce8fa69ba8051ca"},
]
django-debug-toolbar = [
    {file = "django-debug-toolbar-2.1.tar.gz", hash = "sha256:24c157bc6c0e1648e0a6587511ecb1b007a00a354ce716950bff2de12693e7a8"},
    {file = "django_debug_toolbar-2.1-py3-none-any.whl", hash = "sha256:77cfba1d6e91b9bc3d36dc7dc74a9bb80be351948db5f880f2562a0cbf20b6c5"},
]
django-environ = [
    {file = "django-environ-0.4.5.tar.gz", hash = "sha256:6c9d87660142608f63ec7d5ce5564c49b603ea8ff25da595fd6098f6dc82afde"},
    {file = "django_environ-0.4.5-py2.py3-none-any.whl", hash = "sha256:c57b3c11ec1f319d9474e3e5a79134f40174b17c7cc024bbb2fad84646b120c4"},
]
django-extensions = [
    {file = "django-extensions-2.2.6.tar.gz", hash = "sha256:936e8e3962024d3c75ea54f4e0248002404ca7ca7fb698430e60b06b5555b4e7"},
    {file = "django_extensions-2.2.6-py2.py3-none-any.whl", hash = "sha256:4524eca892d23fa6e93b0620901983b287ff5dc806f1b978d6a98541f06b9471"},
]
django-storages = [
    {file = "django-storages-1.8.tar.gz", hash = "sha256:9322ab74ba6371e2e0fccc350c741686ade829e43085597b26b07ae8955a0a00"},
    {file = "django_storages-1.8-py2.py3-none-any.whl", hash = "sha256:0a9b7e620e969fb0797523695329ed223bf540bbfdf6cd163b061fc11dab2d1c"},
]
django-webpack-loader = [
    {file = "django-webpack-loader-0.6.0.tar.gz", hash = "sha256:60bab6b9a037a5346fad12d2a70a6bc046afb33154cf75ed640b93d3ebd5f520"},
    {file = "django_webpack_loader-0.6.0-py2.py3-none-any.whl", hash = "sha256:970b968c2a8975fb7eff56a3bab5d0d90d396740852d1e0c50c5cfe2b824199a"},
]
importlib-metadata = [
    {file = "importlib_metadata-1.4.0-py2.py3-none-any.whl", hash = "sha256:bdd9b7c397c273bcc9a11d6629a38487cd07154fa255a467bf704cd2c258e359"},
    {file = "importlib_metadata-1.4.0.tar.gz", hash = "sha256:f17c015735e1a88296994c0697ecea7e11db24290941983b08c9feb30921e6d8"},
]
kombu = [
    {file = "kombu-4.6.7-py2.py3-none-any.whl", hash = "sha256:2a9e7adff14d046c9996752b2c48b6d9185d0b992106d5160e1a179907a5d4ac"},
    {file = "kombu-4.6.7.tar.gz", hash = "sha256:67b32ccb6fea030f8799f8fd50dd08e03a4b99464ebc4952d71d8747b1a52ad1"},
]
more-itertools = [
    {file = "more-itertools-8.1.0.tar.gz", hash = "sha256:c468adec578380b6281a114cb8a5db34eb1116277da92d7c46f904f0b52d3288"},
    {file = "more_itertools-8.1.0-py3-none-any.whl", hash = "sha256:1a2a32c72400d365000412fe08eb4a24ebee89997c18d3d147544f70f5403b39"},
]
packaging = [
    {file = "packaging-20.0-py2.py3-none-any.whl", hash = "sha256:aec3fdbb8bc9e4bb65f0634b9f551ced63983a529d6a8931817d52fdd0816ddb"},
    {file = "packaging-20.0.tar.gz", hash = "sha256:fe1d8331dfa7cc0a883b49d75fc76380b2ab2734b220fbb87d774e4fd4b851f8"},
]
pathspec = [
    {file = "pathspec-0.7.0-py2.py3-none-any.whl", hash = "sha256:163b0632d4e31cef212976cf57b43d9fd6b0bac6e67c26015d611a647d5e7424"},
    {file = "pathspec-0.7.0.tar.gz", hash = "sha256:562aa70af2e0d434367d9790ad37aed893de47f1693e4201fd1d3dca15d19b96"},
]
pluggy = [
    {file = "pluggy-0.13.1-py2.py3-none-any.whl", hash = "sha256:966c145cd83c96502c3c3868f50408687b38434af77734af1e9ca461a4081d2d"},
    {file = "pluggy-0.13.1.tar.gz", hash = "sha256:15b2acde666561e1298d71b523007ed7364de07029219b604cf808bfa1c765b0"},
]
psycopg2-binary = [
    {file = "psycopg2-binary-2.8.4.tar.gz", hash = "sha256:3a2522b1d9178575acee4adf8fd9f979f9c0449b00b4164bb63c3475ea6528ed"},
    {file = "psycopg2_binary-2.8.4-cp27-cp27m-macosx_10_6_intel.macosx_10_9_intel.macosx_10_9_x86_64.macosx_10_10_intel.macosx_10_10_x86_64.whl", hash = "sha256:890167d5091279a27e2505ff0e1fb273f8c48c41d35c5b92adbf4af80e6b2ed6"},
    {file = "psycopg2_binary-2.8.4-cp27-cp27m-manylinux1_i686.whl", hash = "sha256:dbc5cd56fff1a6152ca59445178652756f4e509f672e49ccdf3d79c1043113a4"},
    {file = "psycopg2_binary-2.8.4-cp27-cp27m-manylinux1_x86_64.whl", hash = "sha256:7f42a8490c4fe854325504ce7a6e4796b207960dabb2cbafe3c3959cb00d1d7e"},
    {file = "psycopg2_binary-2.8.4-cp27-cp27m-win32.whl", hash = "sha256:8578d6b8192e4c805e85f187bc530d0f52ba86c39172e61cd51f68fddd648103"},
    {file = "psycopg2_binary-2.8.4-cp27-cp27m-win_amd64.whl", hash = "sha256:5dd90c5438b4f935c9d01fcbad3620253da89d19c1f5fca9158646407ed7df35"},
    {file = "psycopg2_binary-2.8.4-cp27-cp27mu-manylinux1_i686.whl", hash = "sha256:9aadff9032e967865f9778485571e93908d27dab21d0fdfdec0ca779bb6f8ad9"},
    {file = "psycopg2_binary-2.8.4-cp27-cp27mu-manylinux1_x86_64.whl", hash = "sha256:659c815b5b8e2a55193ede2795c1e2349b8011497310bb936da7d4745652823b"},
    {file = "psycopg2_binary-2.8.4-cp34-cp34m-manylinux1_i686.whl", hash = "sha256:2166e770cb98f02ed5ee2b0b569d40db26788e0bf2ec3ae1a0d864ea6f1d8309"},
    {file = "psycopg2_binary-2.8.4-cp34-cp34m-manylinux1_x86_64.whl", hash = "sha256:7e6e3c52e6732c219c07bd97fff6c088f8df4dae3b79752ee3a817e6f32e177e"},
    {file = "psycopg2_binary-2.8.4-cp34-cp34m-win32.whl", hash = "sha256:040234f8a4a8dfd692662a8308d78f63f31a97e1c42d2480e5e6810c48966a29"},
    {file = "psycopg2_binary-2.8.4-cp34-cp34m-win_amd64.whl", hash = "sha256:69b13fdf12878b10dc6003acc8d0abf3ad93e79813fd5f3812497c1c9fb9be49"},
    {file = "psycopg2_binary-2.8.4-cp35-cp35m-macosx_10_6_intel.macosx_10_9_intel.macosx_10_9_x86_64.macosx_10_10_intel.macosx_10_10_x86_64.whl", hash = "sha256:19dc39616850342a2a6db70559af55b22955f86667b5f652f40c0e99253d9881"},
    {file = "psycopg2_binary-2.8.4-cp35-cp35m-manylinux1_i686.whl", hash = "sha256:9f24f383a298a0c0f9b3113b982e21751a8ecde6615494a3f1470eb4a9d70e9e"},
    {file = "psycopg2_binary-2.8.4-cp35-cp35m-manylinux1_x86_64.whl", hash = "sha256:eaed1c65f461a959284649e37b5051224f4db6ebdc84e40b5e65f2986f101a08"},
    {file = "psycopg2_binary-2.8.4-cp35-cp35m-win32.whl", hash = "sha256:4c6717962247445b4f9e21c962ea61d2e884fc17df5ddf5e35863b016f8a1f03"},
    {file = "psycopg2_binary-2.8.4-cp35-cp35m-win_amd64.whl", hash = "sha256:84156313f258eafff716b2961644a4483a9be44a5d43551d554844d15d4d224e"},
    {file = "psycopg2_binary-2.8.4-cp36-cp36m-macosx_10_6_intel.macosx_10_9_intel.macosx_10_9_x86_64.macosx_10_10_intel.macosx_10_10_x86_64.whl", hash = "sha256:3b5deaa3ee7180585a296af33e14c9b18c218d148e735c7accf78130765a47e3"},
    {file = "psycopg2_binary-2.8.4-cp36-cp36m-manylinux1_i686.whl", hash = "sha256:5057669b6a66aa9ca118a2a860159f0ee3acf837eda937bdd2a64f3431361a2d"},
    {file = "psycopg2_binary-2.8.4-cp36-cp36m-manylinux1_x86_64.whl", hash = "sha256:afd96845e12638d2c44d213d4810a08f4dc4a563f9a98204b7428e567014b1cd"},
    {file = "psycopg2_binary-2.8.4-cp36-cp36m-win32.whl", hash = "sha256:a73021b44813b5c84eda4a3af5826dd72356a900bac9bd9dd1f0f81ee1c22c2f"},
    {file = "psycopg2_binary-2.8.4-cp36-cp36m-win_amd64.whl", hash = "sha256:407af6d7e46593415f216c7f56ba087a9a42bd6dc2ecb86028760aa45b802bd7"},
    {file = "psycopg2_binary-2.8.4-cp37-cp37m-macosx_10_6_intel.macosx_10_9_intel.macosx_10_9_x86_64.macosx_10_10_intel.macosx_10_10_x86_64.whl", hash = "sha256:3aa773580f85a28ffdf6f862e59cb5a3cc7ef6885121f2de3fca8d6ada4dbf3b"},
    {file = "psycopg2_binary-2.8.4-cp37-cp37m-manylinux1_i686.whl", hash = "sha256:eac8a3499754790187bb00574ab980df13e754777d346f85e0ff6df929bcd964"},
    {file = "psycopg2_binary-2.8.4-cp37-cp37m-manylinux1_x86_64.whl", hash = "sha256:7a1cb80e35e1ccea3e11a48afe65d38744a0e0bde88795cc56a4d05b6e4f9d70"},
    {file = "psycopg2_binary-2.8.4-cp37-cp37m-win32.whl", hash = "sha256:086f7e89ec85a6704db51f68f0dcae432eff9300809723a6e8782c41c2f48e03"},
    {file = "psycopg2_binary-2.8.4-cp37-cp37m-win_amd64.whl", hash = "sha256:b73ddf033d8cd4cc9dfed6324b1ad2a89ba52c410ef6877998422fcb9c23e3a8"},
    {file = "psycopg2_binary-2.8.4-cp38-cp38-macosx_10_9_x86_64.macosx_10_9_intel.macosx_10_10_intel.macosx_10_10_x86_64.whl", hash = "sha256:4c3c09fb674401f630626310bcaf6cd6285daf0d5e4c26d6e55ca26a2734e39b"},
    {file = "psycopg2_binary-2.8.4-cp38-cp38-manylinux1_i686.whl", hash = "sha256:18ca813fdb17bc1db73fe61b196b05dd1ca2165b884dd5ec5568877cabf9b039"},
    {file = "psycopg2_binary-2.8.4-cp38-cp38-manylinux1_x86_64.whl", hash = "sha256:50446fae5681fc99f87e505d4e77c9407e683ab60c555ec302f9ac9bffa61103"},
    {file = "psycopg2_binary-2.8.4-cp38-cp38-win32.whl", hash = "sha256:98e10634792ac0e9e7a92a76b4991b44c2325d3e7798270a808407355e7bb0a1"},
    {file = "psycopg2_binary-2.8.4-cp38-cp38-win_amd64.whl", hash = "sha256:b8f490f5fad1767a1331df1259763b3bad7d7af12a75b950c2843ba319b2415f"},
]
py = [
    {file = "py-1.8.1-py2.py3-none-any.whl", hash = "sha256:c20fdd83a5dbc0af9efd622bee9a5564e278f6380fffcacc43ba6f43db2813b0"},
    {file = "py-1.8.1.tar.gz", hash = "sha256:5e27081401262157467ad6e7f851b7aa402c5852dbcb3dae06768434de5752aa"},
]
pyparsing = [
    {file = "pyparsing-2.4.6-py2.py3-none-any.whl", hash = "sha256:c342dccb5250c08d45fd6f8b4a559613ca603b57498511740e65cd11a2e7dcec"},
    {file = "pyparsing-2.4.6.tar.gz", hash = "sha256:4c830582a84fb022400b85429791bc551f1f4871c33f23e44f353119e92f969f"},
]
pytest = [
    {file = "pytest-5.3.4-py3-none-any.whl", hash = "sha256:c13d1943c63e599b98cf118fcb9703e4d7bde7caa9a432567bcdcae4bf512d20"},
    {file = "pytest-5.3.4.tar.gz", hash = "sha256:1d122e8be54d1a709e56f82e2d85dcba3018313d64647f38a91aec88c239b600"},
]
pytest-django = [
    {file = "pytest-django-3.8.0.tar.gz", hash = "sha256:489b904f695f9fb880ce591cf5a4979880afb467763b1f180c07574554bdfd26"},
    {file = "pytest_django-3.8.0-py2.py3-none-any.whl", hash = "sha256:456fa6854d04ee625d6bbb8b38ca2259e7040a6f93333bfe8bc8159b7e987203"},
]
pytest-env = [
    {file = "pytest-env-0.6.2.tar.gz", hash = "sha256:7e94956aef7f2764f3c147d216ce066bf6c42948bb9e293169b1b1c880a580c2"},
]
pytz = [
    {file = "pytz-2019.3-py2.py3-none-any.whl", hash = "sha256:1c557d7d0e871de1f5ccd5833f60fb2550652da6be2693c1e02300743d21500d"},
    {file = "pytz-2019.3.tar.gz", hash = "sha256:b02c06db6cf09c12dd25137e563b31700d3b80fcc4ad23abb7a315f2789819be"},
]
redis = [
    {file = "redis-3.3.11-py2.py3-none-any.whl", hash = "sha256:3613daad9ce5951e426f460deddd5caf469e08a3af633e9578fc77d362becf62"},
    {file = "redis-3.3.11.tar.gz", hash = "sha256:8d0fc278d3f5e1249967cba2eb4a5632d19e45ce5c09442b8422d15ee2c22cc2"},
]
regex = [
    {file = "regex-2020.1.8-cp27-cp27m-win32.whl", hash = "sha256:4e8f02d3d72ca94efc8396f8036c0d3bcc812aefc28ec70f35bb888c74a25161"},
    {file = "regex-2020.1.8-cp27-cp27m-win_amd64.whl", hash = "sha256:e6c02171d62ed6972ca8631f6f34fa3281d51db8b326ee397b9c83093a6b7242"},
    {file = "regex-2020.1.8-cp36-cp36m-manylinux1_i686.whl", hash = "sha256:4eae742636aec40cf7ab98171ab9400393360b97e8f9da67b1867a9ee0889b26"},
    {file = "regex-2020.1.8-cp36-cp36m-manylinux1_x86_64.whl", hash = "sha256:bd25bb7980917e4e70ccccd7e3b5740614f1c408a642c245019cff9d7d1b6149"},
    {file = "regex-2020.1.8-cp36-cp36m-manylinux2010_i686.whl", hash = "sha256:3e77409b678b21a056415da3a56abfd7c3ad03da71f3051bbcdb68cf44d3c34d"},
    {file = "regex-2020.1.8-cp36-cp36m-manylinux2010_x86_64.whl", hash = "sha256:07b39bf943d3d2fe63d46281d8504f8df0ff3fe4c57e13d1656737950e53e525"},
    {file = "regex-2020.1.8-cp36-cp36m-win32.whl", hash = "sha256:23e2c2c0ff50f44877f64780b815b8fd2e003cda9ce817a7fd00dea5600c84a0"},
    {file = "regex-2020.1.8-cp36-cp36m-win_amd64.whl", hash = "sha256:27429b8d74ba683484a06b260b7bb00f312e7c757792628ea251afdbf1434003"},
    {file = "regex-2020.1.8-cp37-cp37m-manylinux1_i686.whl", hash = "sha256:0e182d2f097ea8549a249040922fa2b92ae28be4be4895933e369a525ba36576"},
    {file = "regex-2020.1.8-cp37-cp37m-manylinux1_x86_64.whl", hash = "sha256:e3cd21cc2840ca67de0bbe4071f79f031c81418deb544ceda93ad75ca1ee9f7b"},
    {file = "regex-2020.1.8-cp37-cp37m-manylinux2010_i686.whl", hash = "sha256:ecc6de77df3ef68fee966bb8cb4e067e84d4d1f397d0ef6fce46913663540d77"},
    {file = "regex-2020.1.8-cp37-cp37m-manylinux2010_x86_64.whl", hash = "sha256:26ff99c980f53b3191d8931b199b29d6787c059f2e029b2b0c694343b1708c35"},
    {file = "regex-2020.1.8-cp37-cp37m-win32.whl", hash = "sha256:7bcd322935377abcc79bfe5b63c44abd0b29387f267791d566bbb566edfdd146"},
    {file = "regex-2020.1.8-cp37-cp37m-win_amd64.whl", hash = "sha256:10671601ee06cf4dc1bc0b4805309040bb34c9af423c12c379c83d7895622bb5"},
    {file = "regex-2020.1.8-cp38-cp38-manylinux1_i686.whl", hash = "sha256:98b8ed7bb2155e2cbb8b76f627b2fd12cf4b22ab6e14873e8641f266e0fb6d8f"},
    {file = "regex-2020.1.8-cp38-cp38-manylinux1_x86_64.whl", hash = "sha256:6a6ba91b94427cd49cd27764679024b14a96874e0dc638ae6bdd4b1a3ce97be1"},
    {file = "regex-2020.1.8-cp38-cp38-manylinux2010_i686.whl", hash = "sha256:6a6ae17bf8f2d82d1e8858a47757ce389b880083c4ff2498dba17c56e6c103b9"},
    {file = "regex-2020.1.8-cp38-cp38-manylinux2010_x86_64.whl", hash = "sha256:0932941cdfb3afcbc26cc3bcf7c3f3d73d5a9b9c56955d432dbf8bbc147d4c5b"},
    {file = "regex-2020.1.8-cp38-cp38-win32.whl", hash = "sha256:d58e4606da2a41659c84baeb3cfa2e4c87a74cec89a1e7c56bee4b956f9d7461"},
    {file = "regex-2020.1.8-cp38-cp38-win_amd64.whl", hash = "sha256:e7c7661f7276507bce416eaae22040fd91ca471b5b33c13f8ff21137ed6f248c"},
    {file = "regex-2020.1.8.tar.gz", hash = "sha256:d0f424328f9822b0323b3b6f2e4b9c90960b24743d220763c7f07071e0778351"},
]
sentry-sdk = [
    {file = "sentry-sdk-0.14.1.tar.gz", hash = "sha256:e023da07cfbead3868e1e2ba994160517885a32dfd994fc455b118e37989479b"},
    {file = "sentry_sdk-0.14.1-py2.py3-none-any.whl", hash = "sha256:b06dd27391fd11fb32f84fe054e6a64736c469514a718a99fb5ce1dff95d6b28"},
]
six = [
    {file = "six-1.14.0-py2.py3-none-any.whl", hash = "sha256:8f3cd2e254d8f793e7f3d6d9df77b92252b52637291d0f0da013c76ea2724b6c"},
    {file = "six-1.14.0.tar.gz", hash = "sha256:236bdbdce46e6e6a3d61a337c0f8b763ca1e8717c03b369e87a7ec7ce1319c0a"},
]
sqlparse = [
    {file = "sqlparse-0.3.0-py2.py3-none-any.whl", hash = "sha256:40afe6b8d4b1117e7dff5504d7a8ce07d9a1b15aeeade8a2d10f130a834f8177"},
    {file = "sqlparse-0.3.0.tar.gz", hash = "sha256:7c3dca29c022744e95b547e867cee89f4fce4373f3549ccd8797d8eb52cdb873"},
]
toml = [
    {file = "toml-0.10.0-py2.7.egg", hash = "sha256:f1db651f9657708513243e61e6cc67d101a39bad662eaa9b5546f789338e07a3"},
    {file = "toml-0.10.0-py2.py3-none-any.whl", hash = "sha256:235682dd292d5899d361a811df37e04a8828a5b1da3115886b73cf81ebc9100e"},
    {file = "toml-0.10.0.tar.gz", hash = "sha256:229f81c57791a41d65e399fc06bf0848bab550a9dfd5ed66df18ce5f05e73d5c"},
]
typed-ast = [
    {file = "typed_ast-1.4.1-cp35-cp35m-manylinux1_i686.whl", hash = "sha256:73d785a950fc82dd2a25897d525d003f6378d1cb23ab305578394694202a58c3"},
    {file = "typed_ast-1.4.1-cp35-cp35m-manylinux1_x86_64.whl", hash = "sha256:aaee9905aee35ba5905cfb3c62f3e83b3bec7b39413f0a7f19be4e547ea01ebb"},
    {file = "typed_ast-1.4.1-cp35-cp35m-win32.whl", hash = "sha256:0c2c07682d61a629b68433afb159376e24e5b2fd4641d35424e462169c0a7919"},
    {file = "typed_ast-1.4.1-cp35-cp35m-win_amd64.whl", hash = "sha256:4083861b0aa07990b619bd7ddc365eb7fa4b817e99cf5f8d9cf21a42780f6e01"},
    {file = "typed_ast-1.4.1-cp36-cp36m-macosx_10_9_x86_64.whl", hash = "sha256:269151951236b0f9a6f04015a9004084a5ab0d5f19b57de779f908621e7d8b75"},
    {file = "typed_ast-1.4.1-cp36-cp36m-manylinux1_i686.whl", hash = "sha256:24995c843eb0ad11a4527b026b4dde3da70e1f2d8806c99b7b4a7cf491612652"},
    {file = "typed_ast-1.4.1-cp36-cp36m-manylinux1_x86_64.whl", hash = "sha256:fe460b922ec15dd205595c9b5b99e2f056fd98ae8f9f56b888e7a17dc2b757e7"},
    {file = "typed_ast-1.4.1-cp36-cp36m-win32.whl", hash = "sha256:4e3e5da80ccbebfff202a67bf900d081906c358ccc3d5e3c8aea42fdfdfd51c1"},
    {file = "typed_ast-1.4.1-cp36-cp36m-win_amd64.whl", hash = "sha256:249862707802d40f7f29f6e1aad8d84b5aa9e44552d2cc17384b209f091276aa"},
    {file = "typed_ast-1.4.1-cp37-cp37m-macosx_10_9_x86_64.whl", hash = "sha256:8ce678dbaf790dbdb3eba24056d5364fb45944f33553dd5869b7580cdbb83614"},
    {file = "typed_ast-1.4.1-cp37-cp37m-manylinux1_i686.whl", hash = "sha256:c9e348e02e4d2b4a8b2eedb48210430658df6951fa484e59de33ff773fbd4b41"},
    {file = "typed_ast-1.4.1-cp37-cp37m-manylinux1_x86_64.whl", hash = "sha256:bcd3b13b56ea479b3650b82cabd6b5343a625b0ced5429e4ccad28a8973f301b"},
    {file = "typed_ast-1.4.1-cp37-cp37m-win32.whl", hash = "sha256:d5d33e9e7af3b34a40dc05f498939f0ebf187f07c385fd58d591c533ad8562fe"},
    {file = "typed_ast-1.4.1-cp37-cp37m-win_amd64.whl", hash = "sha256:0666aa36131496aed8f7be0410ff974562ab7eeac11ef351def9ea6fa28f6355"},
    {file = "typed_ast-1.4.1-cp38-cp38-macosx_10_15_x86_64.whl", hash = "sha256:d205b1b46085271b4e15f670058ce182bd1199e56b317bf2ec004b6a44f911f6"},
    {file = "typed_ast-1.4.1-cp38-cp38-manylinux1_i686.whl", hash = "sha256:6daac9731f172c2a22ade6ed0c00197ee7cc1221aa84cfdf9c31defeb059a907"},
    {file = "typed_ast-1.4.1-cp38-cp38-manylinux1_x86_64.whl", hash = "sha256:498b0f36cc7054c1fead3d7fc59d2150f4d5c6c56ba7fb150c013fbc683a8d2d"},
    {file = "typed_ast-1.4.1-cp38-cp38-win32.whl", hash = "sha256:715ff2f2df46121071622063fc7543d9b1fd19ebfc4f5c8895af64a77a8c852c"},
    {file = "typed_ast-1.4.1-cp38-cp38-win_amd64.whl", hash = "sha256:fc0fea399acb12edbf8a628ba8d2312f583bdbdb3335635db062fa98cf71fca4"},
    {file = "typed_ast-1.4.1-cp39-cp39-macosx_10_15_x86_64.whl", hash = "sha256:d43943ef777f9a1c42bf4e552ba23ac77a6351de620aa9acf64ad54933ad4d34"},
    {file = "typed_ast-1.4.1.tar.gz", hash = "sha256:8c8aaad94455178e3187ab22c8b01a3837f8ee50e09cf31f1ba129eb293ec30b"},
]
urllib3 = [
    {file = "urllib3-1.25.8-py2.py3-none-any.whl", hash = "sha256:2f3db8b19923a873b3e5256dc9c2dedfa883e33d87c690d9c7913e1f40673cdc"},
    {file = "urllib3-1.25.8.tar.gz", hash = "sha256:87716c2d2a7121198ebcb7ce7cccf6ce5e9ba539041cfbaeecfb641dc0bf6acc"},
]
vine = [
    {file = "vine-1.3.0-py2.py3-none-any.whl", hash = "sha256:ea4947cc56d1fd6f2095c8d543ee25dad966f78692528e68b4fada11ba3f98af"},
    {file = "vine-1.3.0.tar.gz", hash = "sha256:133ee6d7a9016f177ddeaf191c1f58421a1dcc6ee9a42c58b34bed40e1d2cd87"},
]
wcwidth = [
    {file = "wcwidth-0.1.8-py2.py3-none-any.whl", hash = "sha256:8fd29383f539be45b20bd4df0dc29c20ba48654a41e661925e612311e9f3c603"},
    {file = "wcwidth-0.1.8.tar.gz", hash = "sha256:f28b3e8a6483e5d49e7f8949ac1a78314e740333ae305b4ba5defd3e74fb37a8"},
]
werkzeug = [
    {file = "Werkzeug-0.16.0-py2.py3-none-any.whl", hash = "sha256:e5f4a1f98b52b18a93da705a7458e55afb26f32bff83ff5d19189f92462d65c4"},
    {file = "Werkzeug-0.16.0.tar.gz", hash = "sha256:7280924747b5733b246fe23972186c6b348f9ae29724135a6dfc1e53cea433e7"},
]
zipp = [
    {file = "zipp-2.0.0-py3-none-any.whl", hash = "sha256:57147f6b0403b59f33fd357f169f860e031303415aeb7d04ede4839d23905ab8"},
    {file = "zipp-2.0.0.tar.gz", hash = "sha256:7ae5ccaca427bafa9760ac3cd8f8c244bfc259794b5b6bb9db4dda2241575d09"},
]
